// !$*UTF8*$!
{
	archiveVersion = 1;
	classes = {
	};
	objectVersion = 51;
	objects = {

/* Begin PBXBuildFile section */
		FD3C494A70C522BCC001D5F1 /* Pods_SubmitForm.framework in Frameworks */ = {isa = PBXBuildFile; fileRef = 5807055C29D608D302BC9EB1 /* Pods_SubmitForm.framework */; };
		FF34004E233104E10064032B /* AppDelegate.swift in Sources */ = {isa = PBXBuildFile; fileRef = FF34004D233104E10064032B /* AppDelegate.swift */; };
		FF340053233104E10064032B /* Main.storyboard in Resources */ = {isa = PBXBuildFile; fileRef = FF340051233104E10064032B /* Main.storyboard */; };
		FF340055233104E40064032B /* Assets.xcassets in Resources */ = {isa = PBXBuildFile; fileRef = FF340054233104E40064032B /* Assets.xcassets */; };
		FF340058233104E40064032B /* LaunchScreen.storyboard in Resources */ = {isa = PBXBuildFile; fileRef = FF340056233104E40064032B /* LaunchScreen.storyboard */; };
		FF7E475923327740007151FB /* ResultViewModel.swift in Sources */ = {isa = PBXBuildFile; fileRef = FF7E475823327740007151FB /* ResultViewModel.swift */; };
		FF7E475B2332847B007151FB /* RealmService.swift in Sources */ = {isa = PBXBuildFile; fileRef = FF7E475A2332847B007151FB /* RealmService.swift */; };
		FF7E475D233293C9007151FB /* SettingsVC.swift in Sources */ = {isa = PBXBuildFile; fileRef = FF7E475C233293C9007151FB /* SettingsVC.swift */; };
		FFE995BA2331107400B2E5FA /* DocumetsModel.swift in Sources */ = {isa = PBXBuildFile; fileRef = FFE995B92331107400B2E5FA /* DocumetsModel.swift */; };
		FFE995BE233112C800B2E5FA /* MainVC.swift in Sources */ = {isa = PBXBuildFile; fileRef = FFE995BD233112C800B2E5FA /* MainVC.swift */; };
		FFE995C02331148300B2E5FA /* VisitorModel.swift in Sources */ = {isa = PBXBuildFile; fileRef = FFE995BF2331148300B2E5FA /* VisitorModel.swift */; };
		FFE995C423312E6C00B2E5FA /* SecondVC.swift in Sources */ = {isa = PBXBuildFile; fileRef = FFE995C323312E6C00B2E5FA /* SecondVC.swift */; };
/* End PBXBuildFile section */

/* Begin PBXFileReference section */
		1F98B5570CAF20F4E9EBACD6 /* Pods-SubmitForm.debug.xcconfig */ = {isa = PBXFileReference; includeInIndex = 1; lastKnownFileType = text.xcconfig; name = "Pods-SubmitForm.debug.xcconfig"; path = "Target Support Files/Pods-SubmitForm/Pods-SubmitForm.debug.xcconfig"; sourceTree = "<group>"; };
		5807055C29D608D302BC9EB1 /* Pods_SubmitForm.framework */ = {isa = PBXFileReference; explicitFileType = wrapper.framework; includeInIndex = 0; path = Pods_SubmitForm.framework; sourceTree = BUILT_PRODUCTS_DIR; };
		B33A712B7437693566787D6F /* Pods-SubmitForm.release.xcconfig */ = {isa = PBXFileReference; includeInIndex = 1; lastKnownFileType = text.xcconfig; name = "Pods-SubmitForm.release.xcconfig"; path = "Target Support Files/Pods-SubmitForm/Pods-SubmitForm.release.xcconfig"; sourceTree = "<group>"; };
		FF34004A233104E10064032B /* SubmitForm.app */ = {isa = PBXFileReference; explicitFileType = wrapper.application; includeInIndex = 0; path = SubmitForm.app; sourceTree = BUILT_PRODUCTS_DIR; };
		FF34004D233104E10064032B /* AppDelegate.swift */ = {isa = PBXFileReference; lastKnownFileType = sourcecode.swift; path = AppDelegate.swift; sourceTree = "<group>"; };
		FF340052233104E10064032B /* Base */ = {isa = PBXFileReference; lastKnownFileType = file.storyboard; name = Base; path = Base.lproj/Main.storyboard; sourceTree = "<group>"; };
		FF340054233104E40064032B /* Assets.xcassets */ = {isa = PBXFileReference; lastKnownFileType = folder.assetcatalog; path = Assets.xcassets; sourceTree = "<group>"; };
		FF340057233104E40064032B /* Base */ = {isa = PBXFileReference; lastKnownFileType = file.storyboard; name = Base; path = Base.lproj/LaunchScreen.storyboard; sourceTree = "<group>"; };
		FF340059233104E40064032B /* Info.plist */ = {isa = PBXFileReference; lastKnownFileType = text.plist.xml; path = Info.plist; sourceTree = "<group>"; };
		FF7E475823327740007151FB /* ResultViewModel.swift */ = {isa = PBXFileReference; lastKnownFileType = sourcecode.swift; path = ResultViewModel.swift; sourceTree = "<group>"; };
		FF7E475A2332847B007151FB /* RealmService.swift */ = {isa = PBXFileReference; lastKnownFileType = sourcecode.swift; path = RealmService.swift; sourceTree = "<group>"; };
		FF7E475C233293C9007151FB /* SettingsVC.swift */ = {isa = PBXFileReference; lastKnownFileType = sourcecode.swift; path = SettingsVC.swift; sourceTree = "<group>"; };
		FFE995B92331107400B2E5FA /* DocumetsModel.swift */ = {isa = PBXFileReference; lastKnownFileType = sourcecode.swift; path = DocumetsModel.swift; sourceTree = "<group>"; };
		FFE995BD233112C800B2E5FA /* MainVC.swift */ = {isa = PBXFileReference; lastKnownFileType = sourcecode.swift; path = MainVC.swift; sourceTree = "<group>"; };
		FFE995BF2331148300B2E5FA /* VisitorModel.swift */ = {isa = PBXFileReference; lastKnownFileType = sourcecode.swift; path = VisitorModel.swift; sourceTree = "<group>"; };
		FFE995C323312E6C00B2E5FA /* SecondVC.swift */ = {isa = PBXFileReference; lastKnownFileType = sourcecode.swift; path = SecondVC.swift; sourceTree = "<group>"; };
/* End PBXFileReference section */

/* Begin PBXFrameworksBuildPhase section */
		FF340047233104E10064032B /* Frameworks */ = {
			isa = PBXFrameworksBuildPhase;
			buildActionMask = 2147483647;
			files = (
				FD3C494A70C522BCC001D5F1 /* Pods_SubmitForm.framework in Frameworks */,
			);
			runOnlyForDeploymentPostprocessing = 0;
		};
/* End PBXFrameworksBuildPhase section */

/* Begin PBXGroup section */
		402B34887B07151D7E88D779 /* Pods */ = {
			isa = PBXGroup;
			children = (
				1F98B5570CAF20F4E9EBACD6 /* Pods-SubmitForm.debug.xcconfig */,
				B33A712B7437693566787D6F /* Pods-SubmitForm.release.xcconfig */,
			);
			path = Pods;
			sourceTree = "<group>";
		};
		DD8CF0043443654F916EC267 /* Frameworks */ = {
			isa = PBXGroup;
			children = (
				5807055C29D608D302BC9EB1 /* Pods_SubmitForm.framework */,
			);
			name = Frameworks;
			sourceTree = "<group>";
		};
		FF340041233104E10064032B = {
			isa = PBXGroup;
			children = (
				FF34004C233104E10064032B /* SubmitForm */,
				FF34004B233104E10064032B /* Products */,
				402B34887B07151D7E88D779 /* Pods */,
				DD8CF0043443654F916EC267 /* Frameworks */,
			);
			sourceTree = "<group>";
		};
		FF34004B233104E10064032B /* Products */ = {
			isa = PBXGroup;
			children = (
				FF34004A233104E10064032B /* SubmitForm.app */,
			);
			name = Products;
			sourceTree = "<group>";
		};
		FF34004C233104E10064032B /* SubmitForm */ = {
			isa = PBXGroup;
			children = (
				FF7E475723327661007151FB /* Services */,
				FF7E475623327650007151FB /* ViewModel */,
				FFE995BC233112A600B2E5FA /* Controllers */,
				FF34004D233104E10064032B /* AppDelegate.swift */,
				FF340051233104E10064032B /* Main.storyboard */,
				FF340054233104E40064032B /* Assets.xcassets */,
				FF340056233104E40064032B /* LaunchScreen.storyboard */,
				FF340059233104E40064032B /* Info.plist */,
				FFE995BB2331129C00B2E5FA /* Model */,
			);
			path = SubmitForm;
			sourceTree = "<group>";
		};
		FF7E475623327650007151FB /* ViewModel */ = {
			isa = PBXGroup;
			children = (
				FF7E475823327740007151FB /* ResultViewModel.swift */,
			);
			path = ViewModel;
			sourceTree = "<group>";
		};
		FF7E475723327661007151FB /* Services */ = {
			isa = PBXGroup;
			children = (
				FF7E475A2332847B007151FB /* RealmService.swift */,
			);
			path = Services;
			sourceTree = "<group>";
		};
		FFE995BB2331129C00B2E5FA /* Model */ = {
			isa = PBXGroup;
			children = (
				FFE995B92331107400B2E5FA /* DocumetsModel.swift */,
				FFE995BF2331148300B2E5FA /* VisitorModel.swift */,
			);
			path = Model;
			sourceTree = "<group>";
		};
		FFE995BC233112A600B2E5FA /* Controllers */ = {
			isa = PBXGroup;
			children = (
				FFE995BD233112C800B2E5FA /* MainVC.swift */,
				FFE995C323312E6C00B2E5FA /* SecondVC.swift */,
				FF7E475C233293C9007151FB /* SettingsVC.swift */,
			);
			path = Controllers;
			sourceTree = "<group>";
		};
/* End PBXGroup section */

/* Begin PBXNativeTarget section */
		FF340049233104E10064032B /* SubmitForm */ = {
			isa = PBXNativeTarget;
			buildConfigurationList = FF34005C233104E40064032B /* Build configuration list for PBXNativeTarget "SubmitForm" */;
			buildPhases = (
				5F8F3E588DF9AF20FD8AF647 /* [CP] Check Pods Manifest.lock */,
				FF340046233104E10064032B /* Sources */,
				FF340047233104E10064032B /* Frameworks */,
				FF340048233104E10064032B /* Resources */,
				C425B2F6D4728C9C25BC2D0E /* [CP] Embed Pods Frameworks */,
			);
			buildRules = (
			);
			dependencies = (
			);
			name = SubmitForm;
			productName = SubmitForm;
			productReference = FF34004A233104E10064032B /* SubmitForm.app */;
			productType = "com.apple.product-type.application";
		};
/* End PBXNativeTarget section */

/* Begin PBXProject section */
		FF340042233104E10064032B /* Project object */ = {
			isa = PBXProject;
			attributes = {
				LastSwiftUpdateCheck = 1030;
				LastUpgradeCheck = 1030;
				ORGANIZATIONNAME = "Roman Trekhlebov";
				TargetAttributes = {
					FF340049233104E10064032B = {
						CreatedOnToolsVersion = 10.3;
					};
				};
			};
			buildConfigurationList = FF340045233104E10064032B /* Build configuration list for PBXProject "SubmitForm" */;
			compatibilityVersion = "Xcode 9.3";
			developmentRegion = en;
			hasScannedForEncodings = 0;
			knownRegions = (
				en,
				Base,
			);
			mainGroup = FF340041233104E10064032B;
			productRefGroup = FF34004B233104E10064032B /* Products */;
			projectDirPath = "";
			projectRoot = "";
			targets = (
				FF340049233104E10064032B /* SubmitForm */,
			);
		};
/* End PBXProject section */

/* Begin PBXResourcesBuildPhase section */
		FF340048233104E10064032B /* Resources */ = {
			isa = PBXResourcesBuildPhase;
			buildActionMask = 2147483647;
			files = (
				FF340058233104E40064032B /* LaunchScreen.storyboard in Resources */,
				FF340055233104E40064032B /* Assets.xcassets in Resources */,
				FF340053233104E10064032B /* Main.storyboard in Resources */,
			);
			runOnlyForDeploymentPostprocessing = 0;
		};
/* End PBXResourcesBuildPhase section */

/* Begin PBXShellScriptBuildPhase section */
		5F8F3E588DF9AF20FD8AF647 /* [CP] Check Pods Manifest.lock */ = {
			isa = PBXShellScriptBuildPhase;
			buildActionMask = 2147483647;
			files = (
			);
			inputFileListPaths = (
			);
			inputPaths = (
				"${PODS_PODFILE_DIR_PATH}/Podfile.lock",
				"${PODS_ROOT}/Manifest.lock",
			);
			name = "[CP] Check Pods Manifest.lock";
			outputFileListPaths = (
			);
			outputPaths = (
				"$(DERIVED_FILE_DIR)/Pods-SubmitForm-checkManifestLockResult.txt",
			);
			runOnlyForDeploymentPostprocessing = 0;
			shellPath = /bin/sh;
			shellScript = "diff \"${PODS_PODFILE_DIR_PATH}/Podfile.lock\" \"${PODS_ROOT}/Manifest.lock\" > /dev/null\nif [ $? != 0 ] ; then\n    # print error to STDERR\n    echo \"error: The sandbox is not in sync with the Podfile.lock. Run 'pod install' or update your CocoaPods installation.\" >&2\n    exit 1\nfi\n# This output is used by Xcode 'outputs' to avoid re-running this script phase.\necho \"SUCCESS\" > \"${SCRIPT_OUTPUT_FILE_0}\"\n";
			showEnvVarsInLog = 0;
		};
		C425B2F6D4728C9C25BC2D0E /* [CP] Embed Pods Frameworks */ = {
			isa = PBXShellScriptBuildPhase;
			buildActionMask = 2147483647;
			files = (
			);
			inputFileListPaths = (
				"${PODS_ROOT}/Target Support Files/Pods-SubmitForm/Pods-SubmitForm-frameworks-${CONFIGURATION}-input-files.xcfilelist",
			);
			name = "[CP] Embed Pods Frameworks";
			outputFileListPaths = (
				"${PODS_ROOT}/Target Support Files/Pods-SubmitForm/Pods-SubmitForm-frameworks-${CONFIGURATION}-output-files.xcfilelist",
			);
			runOnlyForDeploymentPostprocessing = 0;
			shellPath = /bin/sh;
			shellScript = "\"${PODS_ROOT}/Target Support Files/Pods-SubmitForm/Pods-SubmitForm-frameworks.sh\"\n";
			showEnvVarsInLog = 0;
		};
/* End PBXShellScriptBuildPhase section */

/* Begin PBXSourcesBuildPhase section */
		FF340046233104E10064032B /* Sources */ = {
			isa = PBXSourcesBuildPhase;
			buildActionMask = 2147483647;
			files = (
				FF34004E233104E10064032B /* AppDelegate.swift in Sources */,
				FF7E475923327740007151FB /* ResultViewModel.swift in Sources */,
				FF7E475B2332847B007151FB /* RealmService.swift in Sources */,
				FFE995C423312E6C00B2E5FA /* SecondVC.swift in Sources */,
				FFE995BE233112C800B2E5FA /* MainVC.swift in Sources */,
				FF7E475D233293C9007151FB /* SettingsVC.swift in Sources */,
				FFE995C02331148300B2E5FA /* VisitorModel.swift in Sources */,
				FFE995BA2331107400B2E5FA /* DocumetsModel.swift in Sources */,
			);
			runOnlyForDeploymentPostprocessing = 0;
		};
/* End PBXSourcesBuildPhase section */

/* Begin PBXVariantGroup section */
		FF340051233104E10064032B /* Main.storyboard */ = {
			isa = PBXVariantGroup;
			children = (
				FF340052233104E10064032B /* Base */,
			);
			name = Main.storyboard;
			sourceTree = "<group>";
		};
		FF340056233104E40064032B /* LaunchScreen.storyboard */ = {
			isa = PBXVariantGroup;
			children = (
				FF340057233104E40064032B /* Base */,
			);
			name = LaunchScreen.storyboard;
			sourceTree = "<group>";
		};
/* End PBXVariantGroup section */

/* Begin XCBuildConfiguration section */
		FF34005A233104E40064032B /* Debug */ = {
			isa = XCBuildConfiguration;
			buildSettings = {
				ALWAYS_SEARCH_USER_PATHS = NO;
				CLANG_ANALYZER_NONNULL = YES;
				CLANG_ANALYZER_NUMBER_OBJECT_CONVERSION = YES_AGGRESSIVE;
				CLANG_CXX_LANGUAGE_STANDARD = "gnu++14";
				CLANG_CXX_LIBRARY = "libc++";
				CLANG_ENABLE_MODULES = YES;
				CLANG_ENABLE_OBJC_ARC = YES;
				CLANG_ENABLE_OBJC_WEAK = YES;
				CLANG_WARN_BLOCK_CAPTURE_AUTORELEASING = YES;
				CLANG_WARN_BOOL_CONVERSION = YES;
				CLANG_WARN_COMMA = YES;
				CLANG_WARN_CONSTANT_CONVERSION = YES;
				CLANG_WARN_DEPRECATED_OBJC_IMPLEMENTATIONS = YES;
				CLANG_WARN_DIRECT_OBJC_ISA_USAGE = YES_ERROR;
				CLANG_WARN_DOCUMENTATION_COMMENTS = YES;
				CLANG_WARN_EMPTY_BODY = YES;
				CLANG_WARN_ENUM_CONVERSION = YES;
				CLANG_WARN_INFINITE_RECURSION = YES;
				CLANG_WARN_INT_CONVERSION = YES;
				CLANG_WARN_NON_LITERAL_NULL_CONVERSION = YES;
				CLANG_WARN_OBJC_IMPLICIT_RETAIN_SELF = YES;
				CLANG_WARN_OBJC_LITERAL_CONVERSION = YES;
				CLANG_WARN_OBJC_ROOT_CLASS = YES_ERROR;
				CLANG_WARN_RANGE_LOOP_ANALYSIS = YES;
				CLANG_WARN_STRICT_PROTOTYPES = YES;
				CLANG_WARN_SUSPICIOUS_MOVE = YES;
				CLANG_WARN_UNGUARDED_AVAILABILITY = YES_AGGRESSIVE;
				CLANG_WARN_UNREACHABLE_CODE = YES;
				CLANG_WARN__DUPLICATE_METHOD_MATCH = YES;
				CODE_SIGN_IDENTITY = "iPhone Developer";
				COPY_PHASE_STRIP = NO;
				DEBUG_INFORMATION_FORMAT = dwarf;
				ENABLE_STRICT_OBJC_MSGSEND = YES;
				ENABLE_TESTABILITY = YES;
				GCC_C_LANGUAGE_STANDARD = gnu11;
				GCC_DYNAMIC_NO_PIC = NO;
				GCC_NO_COMMON_BLOCKS = YES;
				GCC_OPTIMIZATION_LEVEL = 0;
				GCC_PREPROCESSOR_DEFINITIONS = (
					"DEBUG=1",
					"$(inherited)",
				);
				GCC_WARN_64_TO_32_BIT_CONVERSION = YES;
				GCC_WARN_ABOUT_RETURN_TYPE = YES_ERROR;
				GCC_WARN_UNDECLARED_SELECTOR = YES;
				GCC_WARN_UNINITIALIZED_AUTOS = YES_AGGRESSIVE;
				GCC_WARN_UNUSED_FUNCTION = YES;
				GCC_WARN_UNUSED_VARIABLE = YES;
				IPHONEOS_DEPLOYMENT_TARGET = 12.4;
				MTL_ENABLE_DEBUG_INFO = INCLUDE_SOURCE;
				MTL_FAST_MATH = YES;
				ONLY_ACTIVE_ARCH = YES;
				SDKROOT = iphoneos;
				SWIFT_ACTIVE_COMPILATION_CONDITIONS = DEBUG;
				SWIFT_OPTIMIZATION_LEVEL = "-Onone";
			};
			name = Debug;
		};
		FF34005B233104E40064032B /* Release */ = {
			isa = XCBuildConfiguration;
			buildSettings = {
				ALWAYS_SEARCH_USER_PATHS = NO;
				CLANG_ANALYZER_NONNULL = YES;
				CLANG_ANALYZER_NUMBER_OBJECT_CONVERSION = YES_AGGRESSIVE;
				CLANG_CXX_LANGUAGE_STANDARD = "gnu++14";
				CLANG_CXX_LIBRARY = "libc++";
				CLANG_ENABLE_MODULES = YES;
				CLANG_ENABLE_OBJC_ARC = YES;
				CLANG_ENABLE_OBJC_WEAK = YES;
				CLANG_WARN_BLOCK_CAPTURE_AUTORELEASING = YES;
				CLANG_WARN_BOOL_CONVERSION = YES;
				CLANG_WARN_COMMA = YES;
				CLANG_WARN_CONSTANT_CONVERSION = YES;
				CLANG_WARN_DEPRECATED_OBJC_IMPLEMENTATIONS = YES;
				CLANG_WARN_DIRECT_OBJC_ISA_USAGE = YES_ERROR;
				CLANG_WARN_DOCUMENTATION_COMMENTS = YES;
				CLANG_WARN_EMPTY_BODY = YES;
				CLANG_WARN_ENUM_CONVERSION = YES;
				CLANG_WARN_INFINITE_RECURSION = YES;
				CLANG_WARN_INT_CONVERSION = YES;
				CLANG_WARN_NON_LITERAL_NULL_CONVERSION = YES;
				CLANG_WARN_OBJC_IMPLICIT_RETAIN_SELF = YES;
				CLANG_WARN_OBJC_LITERAL_CONVERSION = YES;
				CLANG_WARN_OBJC_ROOT_CLASS = YES_ERROR;
				CLANG_WARN_RANGE_LOOP_ANALYSIS = YES;
				CLANG_WARN_STRICT_PROTOTYPES = YES;
				CLANG_WARN_SUSPICIOUS_MOVE = YES;
				CLANG_WARN_UNGUARDED_AVAILABILITY = YES_AGGRESSIVE;
				CLANG_WARN_UNREACHABLE_CODE = YES;
				CLANG_WARN__DUPLICATE_METHOD_MATCH = YES;
				CODE_SIGN_IDENTITY = "iPhone Developer";
				COPY_PHASE_STRIP = NO;
				DEBUG_INFORMATION_FORMAT = "dwarf-with-dsym";
				ENABLE_NS_ASSERTIONS = NO;
				ENABLE_STRICT_OBJC_MSGSEND = YES;
				GCC_C_LANGUAGE_STANDARD = gnu11;
				GCC_NO_COMMON_BLOCKS = YES;
				GCC_WARN_64_TO_32_BIT_CONVERSION = YES;
				GCC_WARN_ABOUT_RETURN_TYPE = YES_ERROR;
				GCC_WARN_UNDECLARED_SELECTOR = YES;
				GCC_WARN_UNINITIALIZED_AUTOS = YES_AGGRESSIVE;
				GCC_WARN_UNUSED_FUNCTION = YES;
				GCC_WARN_UNUSED_VARIABLE = YES;
				IPHONEOS_DEPLOYMENT_TARGET = 12.4;
				MTL_ENABLE_DEBUG_INFO = NO;
				MTL_FAST_MATH = YES;
				SDKROOT = iphoneos;
				SWIFT_COMPILATION_MODE = wholemodule;
				SWIFT_OPTIMIZATION_LEVEL = "-O";
				VALIDATE_PRODUCT = YES;
			};
			name = Release;
		};
		FF34005D233104E40064032B /* Debug */ = {
			isa = XCBuildConfiguration;
			baseConfigurationReference = 1F98B5570CAF20F4E9EBACD6 /* Pods-SubmitForm.debug.xcconfig */;
			buildSettings = {
				ASSETCATALOG_COMPILER_APPICON_NAME = AppIcon;
				CODE_SIGN_STYLE = Automatic;
				DEVELOPMENT_TEAM = P639897QC5;
				INFOPLIST_FILE = SubmitForm/Info.plist;
				LD_RUNPATH_SEARCH_PATHS = (
					"$(inherited)",
					"@executable_path/Frameworks",
				);
				PRODUCT_BUNDLE_IDENTIFIER = RTekhlebov.SubmitForm;
				PRODUCT_NAME = "$(TARGET_NAME)";
				SWIFT_VERSION = 5.0;
				TARGETED_DEVICE_FAMILY = 2;
			};
			name = Debug;
		};
		FF34005E233104E40064032B /* Release */ = {
			isa = XCBuildConfiguration;
			baseConfigurationReference = B33A712B7437693566787D6F /* Pods-SubmitForm.release.xcconfig */;
			buildSettings = {
				ASSETCATALOG_COMPILER_APPICON_NAME = AppIcon;
				CODE_SIGN_STYLE = Automatic;
				DEVELOPMENT_TEAM = P639897QC5;
				INFOPLIST_FILE = SubmitForm/Info.plist;
				LD_RUNPATH_SEARCH_PATHS = (
					"$(inherited)",
					"@executable_path/Frameworks",
				);
				PRODUCT_BUNDLE_IDENTIFIER = RTekhlebov.SubmitForm;
				PRODUCT_NAME = "$(TARGET_NAME)";
				SWIFT_VERSION = 5.0;
				TARGETED_DEVICE_FAMILY = 2;
			};
			name = Release;
		};
/* End XCBuildConfiguration section */

/* Begin XCConfigurationList section */
		FF340045233104E10064032B /* Build configuration list for PBXProject "SubmitForm" */ = {
			isa = XCConfigurationList;
			buildConfigurations = (
				FF34005A233104E40064032B /* Debug */,
				FF34005B233104E40064032B /* Release */,
			);
			defaultConfigurationIsVisible = 0;
			defaultConfigurationName = Release;
		};
		FF34005C233104E40064032B /* Build configuration list for PBXNativeTarget "SubmitForm" */ = {
			isa = XCConfigurationList;
			buildConfigurations = (
				FF34005D233104E40064032B /* Debug */,
				FF34005E233104E40064032B /* Release */,
			);
			defaultConfigurationIsVisible = 0;
			defaultConfigurationName = Release;
		};
/* End XCConfigurationList section */
	};
	rootObject = FF340042233104E10064032B /* Project object */;
}
